
Microsoft Visual Studio Solution File, Format Version 12.00
# Visual Studio 14
VisualStudioVersion = 14.0.25123.0
MinimumVisualStudioVersion = 10.0.40219.1
Project("{F184B08F-C81C-45F6-A57F-5ABD9991F28F}") = "CKasper1b1", "CKasper1b1\CKasper1b1.vbproj", "{3FD85433-0100-4593-BC8C-7F0C379BF86E}"
EndProject
Project("{F184B08F-C81C-45F6-A57F-5ABD9991F28F}") = "Ckasper1C1", "Ckasper1C1\Ckasper1C1.vbproj", "{B9D3C51C-8054-451C-BDE9-40B38EA182A0}"
EndProject
Project("{F184B08F-C81C-45F6-A57F-5ABD9991F28F}") = "Ckasper1d1", "Ckasper1d1\Ckasper1d1.vbproj", "{7691698E-10E6-4345-BDAA-97C98B4DAACE}"
EndProject
Project("{F184B08F-C81C-45F6-A57F-5ABD9991F28F}") = "Ckasper1e1", "Ckasper1e1\Ckasper1e1.vbproj", "{6561F37D-DF96-41A1-B742-827B6202DC59}"
EndProject
Project("{F184B08F-C81C-45F6-A57F-5ABD9991F28F}") = "Ckasper1f1", "Ckasper1f1\Ckasper1f1.vbproj", "{5DF6D0F8-617D-4AD5-8C52-6A1D13192257}"
EndProject
Project("{F184B08F-C81C-45F6-A57F-5ABD9991F28F}") = "Ckasper1g1", "Ckasper1g1\Ckasper1g1.vbproj", "{2B5296A2-E16D-4BD1-86E0-B25EAA74DC41}"
EndProject
Project("{F184B08F-C81C-45F6-A57F-5ABD9991F28F}") = "Ckasper1h1", "Ckasper1h1\Ckasper1h1.vbproj", "{47D514E0-EA44-4428-BCBD-F14757102758}"
EndProject
Project("{F184B08F-C81C-45F6-A57F-5ABD9991F28F}") = "Ckasper2a1", "Ckasper2a1\Ckasper2a1.vbproj", "{D0E20027-C43B-4418-8AEC-48E911808980}"
EndProject
Project("{F184B08F-C81C-45F6-A57F-5ABD9991F28F}") = "Ckasper2b1", "Ckasper2b1\Ckasper2b1.vbproj", "{9F4884F4-3F0A-425D-B047-B7F34DEFB1B8}"
EndProject
Project("{F184B08F-C81C-45F6-A57F-5ABD9991F28F}") = "Ckasper2c1", "WindowsApplication1\Ckasper2c1.vbproj", "{BF321765-BD06-4063-8735-F36FE4088324}"
EndProject
Project("{F184B08F-C81C-45F6-A57F-5ABD9991F28F}") = "Ckasper2d1", "Ckasper2d1\Ckasper2d1.vbproj", "{9EE130A6-0784-41C4-AA5C-1E2D8EB8E0A5}"
EndProject
Project("{F184B08F-C81C-45F6-A57F-5ABD9991F28F}") = "Ckasper2e1", "Ckasper2e1\Ckasper2e1.vbproj", "{84463619-D951-45D7-816A-AFD7327AA0E6}"
EndProject
Project("{F184B08F-C81C-45F6-A57F-5ABD9991F28F}") = "Ckasper2f1", "Ckasper2f1\Ckasper2f1.vbproj", "{78F6264D-D898-4ADB-B04E-313E7B40952A}"
EndProject
Project("{F184B08F-C81C-45F6-A57F-5ABD9991F28F}") = "Ckasper2g1", "Ckasper2g1\Ckasper2g1.vbproj", "{B448F313-7C90-44A9-AF5D-8632D3A0B73F}"
EndProject
Project("{F184B08F-C81C-45F6-A57F-5ABD9991F28F}") = "Ckasper2h1", "Ckasper2h1\Ckasper2h1.vbproj", "{227BE4C1-FD34-41BC-9F14-A1E0E7C97F52}"
EndProject
Project("{F184B08F-C81C-45F6-A57F-5ABD9991F28F}") = "Ckasper2I1", "Ckasper2I1\Ckasper2I1.vbproj", "{572E8217-153F-4BE1-A275-BA50D5772EBF}"
EndProject
Project("{F184B08F-C81C-45F6-A57F-5ABD9991F28F}") = "Ckasper2j1", "Ckasper2j1\Ckasper2j1.vbproj", "{58753749-2498-4BD0-8B25-D280A42D40A5}"
EndProject
Project("{F184B08F-C81C-45F6-A57F-5ABD9991F28F}") = "Ckasper3a1", "Ckasper3a1\Ckasper3a1.vbproj", "{8B20A0FD-B502-4695-A0D9-8E8597F16A14}"
EndProject
Project("{F184B08F-C81C-45F6-A57F-5ABD9991F28F}") = "Ckasper3b1", "Ckasper3b1\Ckasper3b1.vbproj", "{B3401B59-9221-4A0E-8F20-4B9278CD7E82}"
EndProject
Project("{F184B08F-C81C-45F6-A57F-5ABD9991F28F}") = "Ckasper3c1", "Ckasper3c1\Ckasper3c1.vbproj", "{0517133E-2EE8-482D-8C3A-DABC6CAE1371}"
EndProject
Global
	GlobalSection(SolutionConfigurationPlatforms) = preSolution
		Debug|Any CPU = Debug|Any CPU
		Release|Any CPU = Release|Any CPU
	EndGlobalSection
	GlobalSection(ProjectConfigurationPlatforms) = postSolution
		{3FD85433-0100-4593-BC8C-7F0C379BF86E}.Debug|Any CPU.ActiveCfg = Debug|Any CPU
		{3FD85433-0100-4593-BC8C-7F0C379BF86E}.Debug|Any CPU.Build.0 = Debug|Any CPU
		{3FD85433-0100-4593-BC8C-7F0C379BF86E}.Release|Any CPU.ActiveCfg = Release|Any CPU
		{3FD85433-0100-4593-BC8C-7F0C379BF86E}.Release|Any CPU.Build.0 = Release|Any CPU
		{B9D3C51C-8054-451C-BDE9-40B38EA182A0}.Debug|Any CPU.ActiveCfg = Debug|Any CPU
		{B9D3C51C-8054-451C-BDE9-40B38EA182A0}.Debug|Any CPU.Build.0 = Debug|Any CPU
		{B9D3C51C-8054-451C-BDE9-40B38EA182A0}.Release|Any CPU.ActiveCfg = Release|Any CPU
		{B9D3C51C-8054-451C-BDE9-40B38EA182A0}.Release|Any CPU.Build.0 = Release|Any CPU
		{7691698E-10E6-4345-BDAA-97C98B4DAACE}.Debug|Any CPU.ActiveCfg = Debug|Any CPU
		{7691698E-10E6-4345-BDAA-97C98B4DAACE}.Debug|Any CPU.Build.0 = Debug|Any CPU
		{7691698E-10E6-4345-BDAA-97C98B4DAACE}.Release|Any CPU.ActiveCfg = Release|Any CPU
		{7691698E-10E6-4345-BDAA-97C98B4DAACE}.Release|Any CPU.Build.0 = Release|Any CPU
		{6561F37D-DF96-41A1-B742-827B6202DC59}.Debug|Any CPU.ActiveCfg = Debug|Any CPU
		{6561F37D-DF96-41A1-B742-827B6202DC59}.Debug|Any CPU.Build.0 = Debug|Any CPU
		{6561F37D-DF96-41A1-B742-827B6202DC59}.Release|Any CPU.ActiveCfg = Release|Any CPU
		{6561F37D-DF96-41A1-B742-827B6202DC59}.Release|Any CPU.Build.0 = Release|Any CPU
		{5DF6D0F8-617D-4AD5-8C52-6A1D13192257}.Debug|Any CPU.ActiveCfg = Debug|Any CPU
		{5DF6D0F8-617D-4AD5-8C52-6A1D13192257}.Debug|Any CPU.Build.0 = Debug|Any CPU
		{5DF6D0F8-617D-4AD5-8C52-6A1D13192257}.Release|Any CPU.ActiveCfg = Release|Any CPU
		{5DF6D0F8-617D-4AD5-8C52-6A1D13192257}.Release|Any CPU.Build.0 = Release|Any CPU
		{2B5296A2-E16D-4BD1-86E0-B25EAA74DC41}.Debug|Any CPU.ActiveCfg = Debug|Any CPU
		{2B5296A2-E16D-4BD1-86E0-B25EAA74DC41}.Debug|Any CPU.Build.0 = Debug|Any CPU
		{2B5296A2-E16D-4BD1-86E0-B25EAA74DC41}.Release|Any CPU.ActiveCfg = Release|Any CPU
		{2B5296A2-E16D-4BD1-86E0-B25EAA74DC41}.Release|Any CPU.Build.0 = Release|Any CPU
		{47D514E0-EA44-4428-BCBD-F14757102758}.Debug|Any CPU.ActiveCfg = Debug|Any CPU
		{47D514E0-EA44-4428-BCBD-F14757102758}.Debug|Any CPU.Build.0 = Debug|Any CPU
		{47D514E0-EA44-4428-BCBD-F14757102758}.Release|Any CPU.ActiveCfg = Release|Any CPU
		{47D514E0-EA44-4428-BCBD-F14757102758}.Release|Any CPU.Build.0 = Release|Any CPU
		{D0E20027-C43B-4418-8AEC-48E911808980}.Debug|Any CPU.ActiveCfg = Debug|Any CPU
		{D0E20027-C43B-4418-8AEC-48E911808980}.Debug|Any CPU.Build.0 = Debug|Any CPU
		{D0E20027-C43B-4418-8AEC-48E911808980}.Release|Any CPU.ActiveCfg = Release|Any CPU
		{D0E20027-C43B-4418-8AEC-48E911808980}.Release|Any CPU.Build.0 = Release|Any CPU
		{9F4884F4-3F0A-425D-B047-B7F34DEFB1B8}.Debug|Any CPU.ActiveCfg = Debug|Any CPU
		{9F4884F4-3F0A-425D-B047-B7F34DEFB1B8}.Debug|Any CPU.Build.0 = Debug|Any CPU
		{9F4884F4-3F0A-425D-B047-B7F34DEFB1B8}.Release|Any CPU.ActiveCfg = Release|Any CPU
		{9F4884F4-3F0A-425D-B047-B7F34DEFB1B8}.Release|Any CPU.Build.0 = Release|Any CPU
		{BF321765-BD06-4063-8735-F36FE4088324}.Debug|Any CPU.ActiveCfg = Debug|Any CPU
		{BF321765-BD06-4063-8735-F36FE4088324}.Debug|Any CPU.Build.0 = Debug|Any CPU
		{BF321765-BD06-4063-8735-F36FE4088324}.Release|Any CPU.ActiveCfg = Release|Any CPU
		{BF321765-BD06-4063-8735-F36FE4088324}.Release|Any CPU.Build.0 = Release|Any CPU
		{9EE130A6-0784-41C4-AA5C-1E2D8EB8E0A5}.Debug|Any CPU.ActiveCfg = Debug|Any CPU
		{9EE130A6-0784-41C4-AA5C-1E2D8EB8E0A5}.Debug|Any CPU.Build.0 = Debug|Any CPU
		{9EE130A6-0784-41C4-AA5C-1E2D8EB8E0A5}.Release|Any CPU.ActiveCfg = Release|Any CPU
		{9EE130A6-0784-41C4-AA5C-1E2D8EB8E0A5}.Release|Any CPU.Build.0 = Release|Any CPU
		{84463619-D951-45D7-816A-AFD7327AA0E6}.Debug|Any CPU.ActiveCfg = Debug|Any CPU
		{84463619-D951-45D7-816A-AFD7327AA0E6}.Debug|Any CPU.Build.0 = Debug|Any CPU
		{84463619-D951-45D7-816A-AFD7327AA0E6}.Release|Any CPU.ActiveCfg = Release|Any CPU
		{84463619-D951-45D7-816A-AFD7327AA0E6}.Release|Any CPU.Build.0 = Release|Any CPU
		{78F6264D-D898-4ADB-B04E-313E7B40952A}.Debug|Any CPU.ActiveCfg = Debug|Any CPU
		{78F6264D-D898-4ADB-B04E-313E7B40952A}.Debug|Any CPU.Build.0 = Debug|Any CPU
		{78F6264D-D898-4ADB-B04E-313E7B40952A}.Release|Any CPU.ActiveCfg = Release|Any CPU
		{78F6264D-D898-4ADB-B04E-313E7B40952A}.Release|Any CPU.Build.0 = Release|Any CPU
		{B448F313-7C90-44A9-AF5D-8632D3A0B73F}.Debug|Any CPU.ActiveCfg = Debug|Any CPU
		{B448F313-7C90-44A9-AF5D-8632D3A0B73F}.Debug|Any CPU.Build.0 = Debug|Any CPU
		{B448F313-7C90-44A9-AF5D-8632D3A0B73F}.Release|Any CPU.ActiveCfg = Release|Any CPU
		{B448F313-7C90-44A9-AF5D-8632D3A0B73F}.Release|Any CPU.Build.0 = Release|Any CPU
		{227BE4C1-FD34-41BC-9F14-A1E0E7C97F52}.Debug|Any CPU.ActiveCfg = Debug|Any CPU
		{227BE4C1-FD34-41BC-9F14-A1E0E7C97F52}.Debug|Any CPU.Build.0 = Debug|Any CPU
		{227BE4C1-FD34-41BC-9F14-A1E0E7C97F52}.Release|Any CPU.ActiveCfg = Release|Any CPU
		{227BE4C1-FD34-41BC-9F14-A1E0E7C97F52}.Release|Any CPU.Build.0 = Release|Any CPU
		{572E8217-153F-4BE1-A275-BA50D5772EBF}.Debug|Any CPU.ActiveCfg = Debug|Any CPU
		{572E8217-153F-4BE1-A275-BA50D5772EBF}.Debug|Any CPU.Build.0 = Debug|Any CPU
		{572E8217-153F-4BE1-A275-BA50D5772EBF}.Release|Any CPU.ActiveCfg = Release|Any CPU
		{572E8217-153F-4BE1-A275-BA50D5772EBF}.Release|Any CPU.Build.0 = Release|Any CPU
		{58753749-2498-4BD0-8B25-D280A42D40A5}.Debug|Any CPU.ActiveCfg = Debug|Any CPU
		{58753749-2498-4BD0-8B25-D280A42D40A5}.Debug|Any CPU.Build.0 = Debug|Any CPU
		{58753749-2498-4BD0-8B25-D280A42D40A5}.Release|Any CPU.ActiveCfg = Release|Any CPU
		{58753749-2498-4BD0-8B25-D280A42D40A5}.Release|Any CPU.Build.0 = Release|Any CPU
		{8B20A0FD-B502-4695-A0D9-8E8597F16A14}.Debug|Any CPU.ActiveCfg = Debug|Any CPU
		{8B20A0FD-B502-4695-A0D9-8E8597F16A14}.Debug|Any CPU.Build.0 = Debug|Any CPU
		{8B20A0FD-B502-4695-A0D9-8E8597F16A14}.Release|Any CPU.ActiveCfg = Release|Any CPU
		{8B20A0FD-B502-4695-A0D9-8E8597F16A14}.Release|Any CPU.Build.0 = Release|Any CPU
		{B3401B59-9221-4A0E-8F20-4B9278CD7E82}.Debug|Any CPU.ActiveCfg = Debug|Any CPU
		{B3401B59-9221-4A0E-8F20-4B9278CD7E82}.Debug|Any CPU.Build.0 = Debug|Any CPU
		{B3401B59-9221-4A0E-8F20-4B9278CD7E82}.Release|Any CPU.ActiveCfg = Release|Any CPU
		{B3401B59-9221-4A0E-8F20-4B9278CD7E82}.Release|Any CPU.Build.0 = Release|Any CPU
		{0517133E-2EE8-482D-8C3A-DABC6CAE1371}.Debug|Any CPU.ActiveCfg = Debug|Any CPU
		{0517133E-2EE8-482D-8C3A-DABC6CAE1371}.Debug|Any CPU.Build.0 = Debug|Any CPU
		{0517133E-2EE8-482D-8C3A-DABC6CAE1371}.Release|Any CPU.ActiveCfg = Release|Any CPU
		{0517133E-2EE8-482D-8C3A-DABC6CAE1371}.Release|Any CPU.Build.0 = Release|Any CPU
	EndGlobalSection
	GlobalSection(SolutionProperties) = preSolution
		HideSolutionNode = FALSE
	EndGlobalSection
EndGlobal
