
Microsoft Visual Studio Solution File, Format Version 12.00
# Visual Studio 14
VisualStudioVersion = 14.0.25123.0
MinimumVisualStudioVersion = 10.0.40219.1
Project("{F184B08F-C81C-45F6-A57F-5ABD9991F28F}") = "CKasper1b1", "CKasper1b1\CKasper1b1.vbproj", "{3FD85433-0100-4593-BC8C-7F0C379BF86E}"
EndProject
Project("{F184B08F-C81C-45F6-A57F-5ABD9991F28F}") = "Ckasper1C1", "Ckasper1C1\Ckasper1C1.vbproj", "{B9D3C51C-8054-451C-BDE9-40B38EA182A0}"
EndProject
Project("{F184B08F-C81C-45F6-A57F-5ABD9991F28F}") = "Ckasper1d1", "Ckasper1d1\Ckasper1d1.vbproj", "{7691698E-10E6-4345-BDAA-97C98B4DAACE}"
EndProject
Project("{F184B08F-C81C-45F6-A57F-5ABD9991F28F}") = "Ckasper1e1", "Ckasper1e1\Ckasper1e1.vbproj", "{6561F37D-DF96-41A1-B742-827B6202DC59}"
EndProject
Project("{F184B08F-C81C-45F6-A57F-5ABD9991F28F}") = "Ckasper1f1", "Ckasper1f1\Ckasper1f1.vbproj", "{5DF6D0F8-617D-4AD5-8C52-6A1D13192257}"
EndProject
Project("{F184B08F-C81C-45F6-A57F-5ABD9991F28F}") = "Ckasper1g1", "Ckasper1g1\Ckasper1g1.vbproj", "{2B5296A2-E16D-4BD1-86E0-B25EAA74DC41}"
EndProject
Project("{F184B08F-C81C-45F6-A57F-5ABD9991F28F}") = "Ckasper1h1", "Ckasper1h1\Ckasper1h1.vbproj", "{47D514E0-EA44-4428-BCBD-F14757102758}"
EndProject
Global
	GlobalSection(SolutionConfigurationPlatforms) = preSolution
		Debug|Any CPU = Debug|Any CPU
		Release|Any CPU = Release|Any CPU
	EndGlobalSection
	GlobalSection(ProjectConfigurationPlatforms) = postSolution
		{3FD85433-0100-4593-BC8C-7F0C379BF86E}.Debug|Any CPU.ActiveCfg = Debug|Any CPU
		{3FD85433-0100-4593-BC8C-7F0C379BF86E}.Debug|Any CPU.Build.0 = Debug|Any CPU
		{3FD85433-0100-4593-BC8C-7F0C379BF86E}.Release|Any CPU.ActiveCfg = Release|Any CPU
		{3FD85433-0100-4593-BC8C-7F0C379BF86E}.Release|Any CPU.Build.0 = Release|Any CPU
		{B9D3C51C-8054-451C-BDE9-40B38EA182A0}.Debug|Any CPU.ActiveCfg = Debug|Any CPU
		{B9D3C51C-8054-451C-BDE9-40B38EA182A0}.Debug|Any CPU.Build.0 = Debug|Any CPU
		{B9D3C51C-8054-451C-BDE9-40B38EA182A0}.Release|Any CPU.ActiveCfg = Release|Any CPU
		{B9D3C51C-8054-451C-BDE9-40B38EA182A0}.Release|Any CPU.Build.0 = Release|Any CPU
		{7691698E-10E6-4345-BDAA-97C98B4DAACE}.Debug|Any CPU.ActiveCfg = Debug|Any CPU
		{7691698E-10E6-4345-BDAA-97C98B4DAACE}.Debug|Any CPU.Build.0 = Debug|Any CPU
		{7691698E-10E6-4345-BDAA-97C98B4DAACE}.Release|Any CPU.ActiveCfg = Release|Any CPU
		{7691698E-10E6-4345-BDAA-97C98B4DAACE}.Release|Any CPU.Build.0 = Release|Any CPU
		{6561F37D-DF96-41A1-B742-827B6202DC59}.Debug|Any CPU.ActiveCfg = Debug|Any CPU
		{6561F37D-DF96-41A1-B742-827B6202DC59}.Debug|Any CPU.Build.0 = Debug|Any CPU
		{6561F37D-DF96-41A1-B742-827B6202DC59}.Release|Any CPU.ActiveCfg = Release|Any CPU
		{6561F37D-DF96-41A1-B742-827B6202DC59}.Release|Any CPU.Build.0 = Release|Any CPU
		{5DF6D0F8-617D-4AD5-8C52-6A1D13192257}.Debug|Any CPU.ActiveCfg = Debug|Any CPU
		{5DF6D0F8-617D-4AD5-8C52-6A1D13192257}.Debug|Any CPU.Build.0 = Debug|Any CPU
		{5DF6D0F8-617D-4AD5-8C52-6A1D13192257}.Release|Any CPU.ActiveCfg = Release|Any CPU
		{5DF6D0F8-617D-4AD5-8C52-6A1D13192257}.Release|Any CPU.Build.0 = Release|Any CPU
		{2B5296A2-E16D-4BD1-86E0-B25EAA74DC41}.Debug|Any CPU.ActiveCfg = Debug|Any CPU
		{2B5296A2-E16D-4BD1-86E0-B25EAA74DC41}.Debug|Any CPU.Build.0 = Debug|Any CPU
		{2B5296A2-E16D-4BD1-86E0-B25EAA74DC41}.Release|Any CPU.ActiveCfg = Release|Any CPU
		{2B5296A2-E16D-4BD1-86E0-B25EAA74DC41}.Release|Any CPU.Build.0 = Release|Any CPU
		{47D514E0-EA44-4428-BCBD-F14757102758}.Debug|Any CPU.ActiveCfg = Debug|Any CPU
		{47D514E0-EA44-4428-BCBD-F14757102758}.Debug|Any CPU.Build.0 = Debug|Any CPU
		{47D514E0-EA44-4428-BCBD-F14757102758}.Release|Any CPU.ActiveCfg = Release|Any CPU
		{47D514E0-EA44-4428-BCBD-F14757102758}.Release|Any CPU.Build.0 = Release|Any CPU
	EndGlobalSection
	GlobalSection(SolutionProperties) = preSolution
		HideSolutionNode = FALSE
	EndGlobalSection
EndGlobal
